// !$*UTF8*$!
{
	archiveVersion = 1;
	classes = {
	};
	objectVersion = 50;
	objects = {

/* Begin PBXBuildFile section */
		D8F157922137161A001A8C97 /* AppDelegate.swift in Sources */ = {isa = PBXBuildFile; fileRef = D8F157912137161A001A8C97 /* AppDelegate.swift */; };
		D8F157942137161A001A8C97 /* ViewController.swift in Sources */ = {isa = PBXBuildFile; fileRef = D8F157932137161A001A8C97 /* ViewController.swift */; };
		D8F157972137161A001A8C97 /* Main.storyboard in Resources */ = {isa = PBXBuildFile; fileRef = D8F157952137161A001A8C97 /* Main.storyboard */; };
		D8F157992137161B001A8C97 /* Assets.xcassets in Resources */ = {isa = PBXBuildFile; fileRef = D8F157982137161B001A8C97 /* Assets.xcassets */; };
		D8F1579C2137161B001A8C97 /* LaunchScreen.storyboard in Resources */ = {isa = PBXBuildFile; fileRef = D8F1579A2137161B001A8C97 /* LaunchScreen.storyboard */; };
		D8F157A72137161B001A8C97 /* tippyTests.swift in Sources */ = {isa = PBXBuildFile; fileRef = D8F157A62137161B001A8C97 /* tippyTests.swift */; };
		D8F157B22137161B001A8C97 /* tippyUITests.swift in Sources */ = {isa = PBXBuildFile; fileRef = D8F157B12137161B001A8C97 /* tippyUITests.swift */; };
/* End PBXBuildFile section */

/* Begin PBXContainerItemProxy section */
		D8F157A32137161B001A8C97 /* PBXContainerItemProxy */ = {
			isa = PBXContainerItemProxy;
			containerPortal = D8F157862137161A001A8C97 /* Project object */;
			proxyType = 1;
			remoteGlobalIDString = D8F1578D2137161A001A8C97;
			remoteInfo = tippy;
		};
		D8F157AE2137161B001A8C97 /* PBXContainerItemProxy */ = {
			isa = PBXContainerItemProxy;
			containerPortal = D8F157862137161A001A8C97 /* Project object */;
			proxyType = 1;
			remoteGlobalIDString = D8F1578D2137161A001A8C97;
			remoteInfo = tippy;
		};
/* End PBXContainerItemProxy section */

/* Begin PBXFileReference section */
		D8F1578E2137161A001A8C97 /* tippy.app */ = {isa = PBXFileReference; explicitFileType = wrapper.application; includeInIndex = 0; path = tippy.app; sourceTree = BUILT_PRODUCTS_DIR; };
		D8F157912137161A001A8C97 /* AppDelegate.swift */ = {isa = PBXFileReference; lastKnownFileType = sourcecode.swift; path = AppDelegate.swift; sourceTree = "<group>"; };
		D8F157932137161A001A8C97 /* ViewController.swift */ = {isa = PBXFileReference; lastKnownFileType = sourcecode.swift; path = ViewController.swift; sourceTree = "<group>"; };
		D8F157962137161A001A8C97 /* Base */ = {isa = PBXFileReference; lastKnownFileType = file.storyboard; name = Base; path = Base.lproj/Main.storyboard; sourceTree = "<group>"; };
		D8F157982137161B001A8C97 /* Assets.xcassets */ = {isa = PBXFileReference; lastKnownFileType = folder.assetcatalog; path = Assets.xcassets; sourceTree = "<group>"; };
		D8F1579B2137161B001A8C97 /* Base */ = {isa = PBXFileReference; lastKnownFileType = file.storyboard; name = Base; path = Base.lproj/LaunchScreen.storyboard; sourceTree = "<group>"; };
		D8F1579D2137161B001A8C97 /* Info.plist */ = {isa = PBXFileReference; lastKnownFileType = text.plist.xml; path = Info.plist; sourceTree = "<group>"; };
		D8F157A22137161B001A8C97 /* tippyTests.xctest */ = {isa = PBXFileReference; explicitFileType = wrapper.cfbundle; includeInIndex = 0; path = tippyTests.xctest; sourceTree = BUILT_PRODUCTS_DIR; };
		D8F157A62137161B001A8C97 /* tippyTests.swift */ = {isa = PBXFileReference; lastKnownFileType = sourcecode.swift; path = tippyTests.swift; sourceTree = "<group>"; };
		D8F157A82137161B001A8C97 /* Info.plist */ = {isa = PBXFileReference; lastKnownFileType = text.plist.xml; path = Info.plist; sourceTree = "<group>"; };
		D8F157AD2137161B001A8C97 /* tippyUITests.xctest */ = {isa = PBXFileReference; explicitFileType = wrapper.cfbundle; includeInIndex = 0; path = tippyUITests.xctest; sourceTree = BUILT_PRODUCTS_DIR; };
		D8F157B12137161B001A8C97 /* tippyUITests.swift */ = {isa = PBXFileReference; lastKnownFileType = sourcecode.swift; path = tippyUITests.swift; sourceTree = "<group>"; };
		D8F157B32137161B001A8C97 /* Info.plist */ = {isa = PBXFileReference; lastKnownFileType = text.plist.xml; path = Info.plist; sourceTree = "<group>"; };
/* End PBXFileReference section */

/* Begin PBXFrameworksBuildPhase section */
		D8F1578B2137161A001A8C97 /* Frameworks */ = {
			isa = PBXFrameworksBuildPhase;
			buildActionMask = 2147483647;
			files = (
			);
			runOnlyForDeploymentPostprocessing = 0;
		};
		D8F1579F2137161B001A8C97 /* Frameworks */ = {
			isa = PBXFrameworksBuildPhase;
			buildActionMask = 2147483647;
			files = (
			);
			runOnlyForDeploymentPostprocessing = 0;
		};
		D8F157AA2137161B001A8C97 /* Frameworks */ = {
			isa = PBXFrameworksBuildPhase;
			buildActionMask = 2147483647;
			files = (
			);
			runOnlyForDeploymentPostprocessing = 0;
		};
/* End PBXFrameworksBuildPhase section */

/* Begin PBXGroup section */
		D8F157852137161A001A8C97 = {
			isa = PBXGroup;
			children = (
				D8F157902137161A001A8C97 /* tippy */,
				D8F157A52137161B001A8C97 /* tippyTests */,
				D8F157B02137161B001A8C97 /* tippyUITests */,
				D8F1578F2137161A001A8C97 /* Products */,
			);
			sourceTree = "<group>";
		};
		D8F1578F2137161A001A8C97 /* Products */ = {
			isa = PBXGroup;
			children = (
				D8F1578E2137161A001A8C97 /* tippy.app */,
				D8F157A22137161B001A8C97 /* tippyTests.xctest */,
				D8F157AD2137161B001A8C97 /* tippyUITests.xctest */,
			);
			name = Products;
			sourceTree = "<group>";
		};
		D8F157902137161A001A8C97 /* tippy */ = {
			isa = PBXGroup;
			children = (
				D8F157912137161A001A8C97 /* AppDelegate.swift */,
				D8F157932137161A001A8C97 /* ViewController.swift */,
				D8F157952137161A001A8C97 /* Main.storyboard */,
				D8F157982137161B001A8C97 /* Assets.xcassets */,
				D8F1579A2137161B001A8C97 /* LaunchScreen.storyboard */,
				D8F1579D2137161B001A8C97 /* Info.plist */,
			);
			path = tippy;
			sourceTree = "<group>";
		};
		D8F157A52137161B001A8C97 /* tippyTests */ = {
			isa = PBXGroup;
			children = (
				D8F157A62137161B001A8C97 /* tippyTests.swift */,
				D8F157A82137161B001A8C97 /* Info.plist */,
			);
			path = tippyTests;
			sourceTree = "<group>";
		};
		D8F157B02137161B001A8C97 /* tippyUITests */ = {
			isa = PBXGroup;
			children = (
				D8F157B12137161B001A8C97 /* tippyUITests.swift */,
				D8F157B32137161B001A8C97 /* Info.plist */,
			);
			path = tippyUITests;
			sourceTree = "<group>";
		};
/* End PBXGroup section */

/* Begin PBXNativeTarget section */
		D8F1578D2137161A001A8C97 /* tippy */ = {
			isa = PBXNativeTarget;
			buildConfigurationList = D8F157B62137161B001A8C97 /* Build configuration list for PBXNativeTarget "tippy" */;
			buildPhases = (
				D8F1578A2137161A001A8C97 /* Sources */,
				D8F1578B2137161A001A8C97 /* Frameworks */,
				D8F1578C2137161A001A8C97 /* Resources */,
			);
			buildRules = (
			);
			dependencies = (
			);
			name = tippy;
			productName = tippy;
			productReference = D8F1578E2137161A001A8C97 /* tippy.app */;
			productType = "com.apple.product-type.application";
		};
		D8F157A12137161B001A8C97 /* tippyTests */ = {
			isa = PBXNativeTarget;
			buildConfigurationList = D8F157B92137161B001A8C97 /* Build configuration list for PBXNativeTarget "tippyTests" */;
			buildPhases = (
				D8F1579E2137161B001A8C97 /* Sources */,
				D8F1579F2137161B001A8C97 /* Frameworks */,
				D8F157A02137161B001A8C97 /* Resources */,
			);
			buildRules = (
			);
			dependencies = (
				D8F157A42137161B001A8C97 /* PBXTargetDependency */,
			);
			name = tippyTests;
			productName = tippyTests;
			productReference = D8F157A22137161B001A8C97 /* tippyTests.xctest */;
			productType = "com.apple.product-type.bundle.unit-test";
		};
		D8F157AC2137161B001A8C97 /* tippyUITests */ = {
			isa = PBXNativeTarget;
			buildConfigurationList = D8F157BC2137161B001A8C97 /* Build configuration list for PBXNativeTarget "tippyUITests" */;
			buildPhases = (
				D8F157A92137161B001A8C97 /* Sources */,
				D8F157AA2137161B001A8C97 /* Frameworks */,
				D8F157AB2137161B001A8C97 /* Resources */,
			);
			buildRules = (
			);
			dependencies = (
				D8F157AF2137161B001A8C97 /* PBXTargetDependency */,
			);
			name = tippyUITests;
			productName = tippyUITests;
			productReference = D8F157AD2137161B001A8C97 /* tippyUITests.xctest */;
			productType = "com.apple.product-type.bundle.ui-testing";
		};
/* End PBXNativeTarget section */

/* Begin PBXProject section */
		D8F157862137161A001A8C97 /* Project object */ = {
			isa = PBXProject;
			attributes = {
				LastSwiftUpdateCheck = 0940;
				LastUpgradeCheck = 0940;
				ORGANIZATIONNAME = Wang;
				TargetAttributes = {
					D8F1578D2137161A001A8C97 = {
						CreatedOnToolsVersion = 9.4.1;
					};
					D8F157A12137161B001A8C97 = {
						CreatedOnToolsVersion = 9.4.1;
						TestTargetID = D8F1578D2137161A001A8C97;
					};
					D8F157AC2137161B001A8C97 = {
						CreatedOnToolsVersion = 9.4.1;
						TestTargetID = D8F1578D2137161A001A8C97;
					};
				};
			};
			buildConfigurationList = D8F157892137161A001A8C97 /* Build configuration list for PBXProject "tippy" */;
			compatibilityVersion = "Xcode 9.3";
			developmentRegion = en;
			hasScannedForEncodings = 0;
			knownRegions = (
				en,
				Base,
			);
			mainGroup = D8F157852137161A001A8C97;
			productRefGroup = D8F1578F2137161A001A8C97 /* Products */;
			projectDirPath = "";
			projectRoot = "";
			targets = (
				D8F1578D2137161A001A8C97 /* tippy */,
				D8F157A12137161B001A8C97 /* tippyTests */,
				D8F157AC2137161B001A8C97 /* tippyUITests */,
			);
		};
/* End PBXProject section */

/* Begin PBXResourcesBuildPhase section */
		D8F1578C2137161A001A8C97 /* Resources */ = {
			isa = PBXResourcesBuildPhase;
			buildActionMask = 2147483647;
			files = (
				D8F1579C2137161B001A8C97 /* LaunchScreen.storyboard in Resources */,
				D8F157992137161B001A8C97 /* Assets.xcassets in Resources */,
				D8F157972137161A001A8C97 /* Main.storyboard in Resources */,
			);
			runOnlyForDeploymentPostprocessing = 0;
		};
		D8F157A02137161B001A8C97 /* Resources */ = {
			isa = PBXResourcesBuildPhase;
			buildActionMask = 2147483647;
			files = (
			);
			runOnlyForDeploymentPostprocessing = 0;
		};
		D8F157AB2137161B001A8C97 /* Resources */ = {
			isa = PBXResourcesBuildPhase;
			buildActionMask = 2147483647;
			files = (
			);
			runOnlyForDeploymentPostprocessing = 0;
		};
/* End PBXResourcesBuildPhase section */

/* Begin PBXSourcesBuildPhase section */
		D8F1578A2137161A001A8C97 /* Sources */ = {
			isa = PBXSourcesBuildPhase;
			buildActionMask = 2147483647;
			files = (
				D8F157942137161A001A8C97 /* ViewController.swift in Sources */,
				D8F157922137161A001A8C97 /* AppDelegate.swift in Sources */,
			);
			runOnlyForDeploymentPostprocessing = 0;
		};
		D8F1579E2137161B001A8C97 /* Sources */ = {
			isa = PBXSourcesBuildPhase;
			buildActionMask = 2147483647;
			files = (
				D8F157A72137161B001A8C97 /* tippyTests.swift in Sources */,
			);
			runOnlyForDeploymentPostprocessing = 0;
		};
		D8F157A92137161B001A8C97 /* Sources */ = {
			isa = PBXSourcesBuildPhase;
			buildActionMask = 2147483647;
			files = (
				D8F157B22137161B001A8C97 /* tippyUITests.swift in Sources */,
			);
			runOnlyForDeploymentPostprocessing = 0;
		};
/* End PBXSourcesBuildPhase section */

/* Begin PBXTargetDependency section */
		D8F157A42137161B001A8C97 /* PBXTargetDependency */ = {
			isa = PBXTargetDependency;
			target = D8F1578D2137161A001A8C97 /* tippy */;
			targetProxy = D8F157A32137161B001A8C97 /* PBXContainerItemProxy */;
		};
		D8F157AF2137161B001A8C97 /* PBXTargetDependency */ = {
			isa = PBXTargetDependency;
			target = D8F1578D2137161A001A8C97 /* tippy */;
			targetProxy = D8F157AE2137161B001A8C97 /* PBXContainerItemProxy */;
		};
/* End PBXTargetDependency section */

/* Begin PBXVariantGroup section */
		D8F157952137161A001A8C97 /* Main.storyboard */ = {
			isa = PBXVariantGroup;
			children = (
				D8F157962137161A001A8C97 /* Base */,
			);
			name = Main.storyboard;
			sourceTree = "<group>";
		};
		D8F1579A2137161B001A8C97 /* LaunchScreen.storyboard */ = {
			isa = PBXVariantGroup;
			children = (
				D8F1579B2137161B001A8C97 /* Base */,
			);
			name = LaunchScreen.storyboard;
			sourceTree = "<group>";
		};
/* End PBXVariantGroup section */

/* Begin XCBuildConfiguration section */
		D8F157B42137161B001A8C97 /* Debug */ = {
			isa = XCBuildConfiguration;
			buildSettings = {
				ALWAYS_SEARCH_USER_PATHS = NO;
				CLANG_ANALYZER_NONNULL = YES;
				CLANG_ANALYZER_NUMBER_OBJECT_CONVERSION = YES_AGGRESSIVE;
				CLANG_CXX_LANGUAGE_STANDARD = "gnu++14";
				CLANG_CXX_LIBRARY = "libc++";
				CLANG_ENABLE_MODULES = YES;
				CLANG_ENABLE_OBJC_ARC = YES;
				CLANG_ENABLE_OBJC_WEAK = YES;
				CLANG_WARN_BLOCK_CAPTURE_AUTORELEASING = YES;
				CLANG_WARN_BOOL_CONVERSION = YES;
				CLANG_WARN_COMMA = YES;
				CLANG_WARN_CONSTANT_CONVERSION = YES;
				CLANG_WARN_DEPRECATED_OBJC_IMPLEMENTATIONS = YES;
				CLANG_WARN_DIRECT_OBJC_ISA_USAGE = YES_ERROR;
				CLANG_WARN_DOCUMENTATION_COMMENTS = YES;
				CLANG_WARN_EMPTY_BODY = YES;
				CLANG_WARN_ENUM_CONVERSION = YES;
				CLANG_WARN_INFINITE_RECURSION = YES;
				CLANG_WARN_INT_CONVERSION = YES;
				CLANG_WARN_NON_LITERAL_NULL_CONVERSION = YES;
				CLANG_WARN_OBJC_IMPLICIT_RETAIN_SELF = YES;
				CLANG_WARN_OBJC_LITERAL_CONVERSION = YES;
				CLANG_WARN_OBJC_ROOT_CLASS = YES_ERROR;
				CLANG_WARN_RANGE_LOOP_ANALYSIS = YES;
				CLANG_WARN_STRICT_PROTOTYPES = YES;
				CLANG_WARN_SUSPICIOUS_MOVE = YES;
				CLANG_WARN_UNGUARDED_AVAILABILITY = YES_AGGRESSIVE;
				CLANG_WARN_UNREACHABLE_CODE = YES;
				CLANG_WARN__DUPLICATE_METHOD_MATCH = YES;
				CODE_SIGN_IDENTITY = "iPhone Developer";
				COPY_PHASE_STRIP = NO;
				DEBUG_INFORMATION_FORMAT = dwarf;
				ENABLE_STRICT_OBJC_MSGSEND = YES;
				ENABLE_TESTABILITY = YES;
				GCC_C_LANGUAGE_STANDARD = gnu11;
				GCC_DYNAMIC_NO_PIC = NO;
				GCC_NO_COMMON_BLOCKS = YES;
				GCC_OPTIMIZATION_LEVEL = 0;
				GCC_PREPROCESSOR_DEFINITIONS = (
					"DEBUG=1",
					"$(inherited)",
				);
				GCC_WARN_64_TO_32_BIT_CONVERSION = YES;
				GCC_WARN_ABOUT_RETURN_TYPE = YES_ERROR;
				GCC_WARN_UNDECLARED_SELECTOR = YES;
				GCC_WARN_UNINITIALIZED_AUTOS = YES_AGGRESSIVE;
				GCC_WARN_UNUSED_FUNCTION = YES;
				GCC_WARN_UNUSED_VARIABLE = YES;
				IPHONEOS_DEPLOYMENT_TARGET = 11.4;
				MTL_ENABLE_DEBUG_INFO = YES;
				ONLY_ACTIVE_ARCH = YES;
				SDKROOT = iphoneos;
				SWIFT_ACTIVE_COMPILATION_CONDITIONS = DEBUG;
				SWIFT_OPTIMIZATION_LEVEL = "-Onone";
			};
			name = Debug;
		};
		D8F157B52137161B001A8C97 /* Release */ = {
			isa = XCBuildConfiguration;
			buildSettings = {
				ALWAYS_SEARCH_USER_PATHS = NO;
				CLANG_ANALYZER_NONNULL = YES;
				CLANG_ANALYZER_NUMBER_OBJECT_CONVERSION = YES_AGGRESSIVE;
				CLANG_CXX_LANGUAGE_STANDARD = "gnu++14";
				CLANG_CXX_LIBRARY = "libc++";
				CLANG_ENABLE_MODULES = YES;
				CLANG_ENABLE_OBJC_ARC = YES;
				CLANG_ENABLE_OBJC_WEAK = YES;
				CLANG_WARN_BLOCK_CAPTURE_AUTORELEASING = YES;
				CLANG_WARN_BOOL_CONVERSION = YES;
				CLANG_WARN_COMMA = YES;
				CLANG_WARN_CONSTANT_CONVERSION = YES;
				CLANG_WARN_DEPRECATED_OBJC_IMPLEMENTATIONS = YES;
				CLANG_WARN_DIRECT_OBJC_ISA_USAGE = YES_ERROR;
				CLANG_WARN_DOCUMENTATION_COMMENTS = YES;
				CLANG_WARN_EMPTY_BODY = YES;
				CLANG_WARN_ENUM_CONVERSION = YES;
				CLANG_WARN_INFINITE_RECURSION = YES;
				CLANG_WARN_INT_CONVERSION = YES;
				CLANG_WARN_NON_LITERAL_NULL_CONVERSION = YES;
				CLANG_WARN_OBJC_IMPLICIT_RETAIN_SELF = YES;
				CLANG_WARN_OBJC_LITERAL_CONVERSION = YES;
				CLANG_WARN_OBJC_ROOT_CLASS = YES_ERROR;
				CLANG_WARN_RANGE_LOOP_ANALYSIS = YES;
				CLANG_WARN_STRICT_PROTOTYPES = YES;
				CLANG_WARN_SUSPICIOUS_MOVE = YES;
				CLANG_WARN_UNGUARDED_AVAILABILITY = YES_AGGRESSIVE;
				CLANG_WARN_UNREACHABLE_CODE = YES;
				CLANG_WARN__DUPLICATE_METHOD_MATCH = YES;
				CODE_SIGN_IDENTITY = "iPhone Developer";
				COPY_PHASE_STRIP = NO;
				DEBUG_INFORMATION_FORMAT = "dwarf-with-dsym";
				ENABLE_NS_ASSERTIONS = NO;
				ENABLE_STRICT_OBJC_MSGSEND = YES;
				GCC_C_LANGUAGE_STANDARD = gnu11;
				GCC_NO_COMMON_BLOCKS = YES;
				GCC_WARN_64_TO_32_BIT_CONVERSION = YES;
				GCC_WARN_ABOUT_RETURN_TYPE = YES_ERROR;
				GCC_WARN_UNDECLARED_SELECTOR = YES;
				GCC_WARN_UNINITIALIZED_AUTOS = YES_AGGRESSIVE;
				GCC_WARN_UNUSED_FUNCTION = YES;
				GCC_WARN_UNUSED_VARIABLE = YES;
				IPHONEOS_DEPLOYMENT_TARGET = 11.4;
				MTL_ENABLE_DEBUG_INFO = NO;
				SDKROOT = iphoneos;
				SWIFT_COMPILATION_MODE = wholemodule;
				SWIFT_OPTIMIZATION_LEVEL = "-O";
				VALIDATE_PRODUCT = YES;
			};
			name = Release;
		};
		D8F157B72137161B001A8C97 /* Debug */ = {
			isa = XCBuildConfiguration;
			buildSettings = {
				ASSETCATALOG_COMPILER_APPICON_NAME = AppIcon;
				CODE_SIGN_STYLE = Automatic;
				INFOPLIST_FILE = tippy/Info.plist;
				LD_RUNPATH_SEARCH_PATHS = (
					"$(inherited)",
					"@executable_path/Frameworks",
				);
				PRODUCT_BUNDLE_IDENTIFIER = com.wang.codepath.tippy;
				PRODUCT_NAME = "$(TARGET_NAME)";
				SWIFT_VERSION = 4.0;
				TARGETED_DEVICE_FAMILY = "1,2";
			};
			name = Debug;
		};
		D8F157B82137161B001A8C97 /* Release */ = {
			isa = XCBuildConfiguration;
			buildSettings = {
				ASSETCATALOG_COMPILER_APPICON_NAME = AppIcon;
				CODE_SIGN_STYLE = Automatic;
				INFOPLIST_FILE = tippy/Info.plist;
				LD_RUNPATH_SEARCH_PATHS = (
					"$(inherited)",
					"@executable_path/Frameworks",
				);
				PRODUCT_BUNDLE_IDENTIFIER = com.wang.codepath.tippy;
				PRODUCT_NAME = "$(TARGET_NAME)";
				SWIFT_VERSION = 4.0;
				TARGETED_DEVICE_FAMILY = "1,2";
			};
			name = Release;
		};
		D8F157BA2137161B001A8C97 /* Debug */ = {
			isa = XCBuildConfiguration;
			buildSettings = {
				ALWAYS_EMBED_SWIFT_STANDARD_LIBRARIES = YES;
				BUNDLE_LOADER = "$(TEST_HOST)";
				CODE_SIGN_STYLE = Automatic;
				INFOPLIST_FILE = tippyTests/Info.plist;
				LD_RUNPATH_SEARCH_PATHS = (
					"$(inherited)",
					"@executable_path/Frameworks",
					"@loader_path/Frameworks",
				);
				PRODUCT_BUNDLE_IDENTIFIER = com.wang.codepath.tippyTests;
				PRODUCT_NAME = "$(TARGET_NAME)";
				SWIFT_VERSION = 4.0;
				TARGETED_DEVICE_FAMILY = "1,2";
				TEST_HOST = "$(BUILT_PRODUCTS_DIR)/tippy.app/tippy";
			};
			name = Debug;
		};
		D8F157BB2137161B001A8C97 /* Release */ = {
			isa = XCBuildConfiguration;
			buildSettings = {
				ALWAYS_EMBED_SWIFT_STANDARD_LIBRARIES = YES;
				BUNDLE_LOADER = "$(TEST_HOST)";
				CODE_SIGN_STYLE = Automatic;
				INFOPLIST_FILE = tippyTests/Info.plist;
				LD_RUNPATH_SEARCH_PATHS = (
					"$(inherited)",
					"@executable_path/Frameworks",
					"@loader_path/Frameworks",
				);
				PRODUCT_BUNDLE_IDENTIFIER = com.wang.codepath.tippyTests;
				PRODUCT_NAME = "$(TARGET_NAME)";
				SWIFT_VERSION = 4.0;
				TARGETED_DEVICE_FAMILY = "1,2";
				TEST_HOST = "$(BUILT_PRODUCTS_DIR)/tippy.app/tippy";
			};
			name = Release;
		};
		D8F157BD2137161B001A8C97 /* Debug */ = {
			isa = XCBuildConfiguration;
			buildSettings = {
				ALWAYS_EMBED_SWIFT_STANDARD_LIBRARIES = YES;
				CODE_SIGN_STYLE = Automatic;
				INFOPLIST_FILE = tippyUITests/Info.plist;
				LD_RUNPATH_SEARCH_PATHS = (
					"$(inherited)",
					"@executable_path/Frameworks",
					"@loader_path/Frameworks",
				);
				PRODUCT_BUNDLE_IDENTIFIER = com.wang.codepath.tippyUITests;
				PRODUCT_NAME = "$(TARGET_NAME)";
				SWIFT_VERSION = 4.0;
				TARGETED_DEVICE_FAMILY = "1,2";
				TEST_TARGET_NAME = tippy;
			};
			name = Debug;
		};
		D8F157BE2137161B001A8C97 /* Release */ = {
			isa = XCBuildConfiguration;
			buildSettings = {
				ALWAYS_EMBED_SWIFT_STANDARD_LIBRARIES = YES;
				CODE_SIGN_STYLE = Automatic;
				INFOPLIST_FILE = tippyUITests/Info.plist;
				LD_RUNPATH_SEARCH_PATHS = (
					"$(inherited)",
					"@executable_path/Frameworks",
					"@loader_path/Frameworks",
				);
				PRODUCT_BUNDLE_IDENTIFIER = com.wang.codepath.tippyUITests;
				PRODUCT_NAME = "$(TARGET_NAME)";
				SWIFT_VERSION = 4.0;
				TARGETED_DEVICE_FAMILY = "1,2";
				TEST_TARGET_NAME = tippy;
			};
			name = Release;
		};
/* End XCBuildConfiguration section */

/* Begin XCConfigurationList section */
		D8F157892137161A001A8C97 /* Build configuration list for PBXProject "tippy" */ = {
			isa = XCConfigurationList;
			buildConfigurations = (
				D8F157B42137161B001A8C97 /* Debug */,
				D8F157B52137161B001A8C97 /* Release */,
			);
			defaultConfigurationIsVisible = 0;
			defaultConfigurationName = Release;
		};
		D8F157B62137161B001A8C97 /* Build configuration list for PBXNativeTarget "tippy" */ = {
			isa = XCConfigurationList;
			buildConfigurations = (
				D8F157B72137161B001A8C97 /* Debug */,
				D8F157B82137161B001A8C97 /* Release */,
			);
			defaultConfigurationIsVisible = 0;
			defaultConfigurationName = Release;
		};
		D8F157B92137161B001A8C97 /* Build configuration list for PBXNativeTarget "tippyTests" */ = {
			isa = XCConfigurationList;
			buildConfigurations = (
				D8F157BA2137161B001A8C97 /* Debug */,
				D8F157BB2137161B001A8C97 /* Release */,
			);
			defaultConfigurationIsVisible = 0;
			defaultConfigurationName = Release;
		};
		D8F157BC2137161B001A8C97 /* Build configuration list for PBXNativeTarget "tippyUITests" */ = {
			isa = XCConfigurationList;
			buildConfigurations = (
				D8F157BD2137161B001A8C97 /* Debug */,
				D8F157BE2137161B001A8C97 /* Release */,
			);
			defaultConfigurationIsVisible = 0;
			defaultConfigurationName = Release;
		};
/* End XCConfigurationList section */
	};
	rootObject = D8F157862137161A001A8C97 /* Project object */;
}
